// !$*UTF8*$!
{
	archiveVersion = 1;
	classes = {
	};
	objectVersion = 50;
	objects = {

/* Begin PBXBuildFile section */
		511DB582223866E600CECD86 /* MacWebBrowser+.swift in Sources */ = {isa = PBXBuildFile; fileRef = 511DB581223866E600CECD86 /* MacWebBrowser+.swift */; };
		511DB58C2239A6ED00CECD86 /* Preferences.storyboard in Resources */ = {isa = PBXBuildFile; fileRef = 511DB58B2239A6ED00CECD86 /* Preferences.storyboard */; };
		511DB58E2239AF3100CECD86 /* PreferencesViewController.swift in Sources */ = {isa = PBXBuildFile; fileRef = 511DB58D2239AF3100CECD86 /* PreferencesViewController.swift */; };
		511DB5902239B45900CECD86 /* AppDefaults.swift in Sources */ = {isa = PBXBuildFile; fileRef = 511DB58F2239B45900CECD86 /* AppDefaults.swift */; };
		512EA9352235A930008C9D51 /* MainWindowController.swift in Sources */ = {isa = PBXBuildFile; fileRef = 512EA9342235A930008C9D51 /* MainWindowController.swift */; };
		512EA9372235BA5E008C9D51 /* Credits.rtf in Resources */ = {isa = PBXBuildFile; fileRef = 512EA9362235BA5E008C9D51 /* Credits.rtf */; };
		512EA94F22371E42008C9D51 /* OPMLOutlineView.swift in Sources */ = {isa = PBXBuildFile; fileRef = 512EA94E22371E42008C9D51 /* OPMLOutlineView.swift */; };
		512EA95622382008008C9D51 /* NSStoryboard+.swift in Sources */ = {isa = PBXBuildFile; fileRef = 512EA95522382008008C9D51 /* NSStoryboard+.swift */; };
		512EA95822382177008C9D51 /* RSSMessageViewController.swift in Sources */ = {isa = PBXBuildFile; fileRef = 512EA95722382177008C9D51 /* RSSMessageViewController.swift */; };
		516037802235581600172C8D /* AppDelegate.swift in Sources */ = {isa = PBXBuildFile; fileRef = 5160377F2235581600172C8D /* AppDelegate.swift */; };
		516037842235581700172C8D /* Assets.xcassets in Resources */ = {isa = PBXBuildFile; fileRef = 516037832235581700172C8D /* Assets.xcassets */; };
		516037872235581700172C8D /* Main.storyboard in Resources */ = {isa = PBXBuildFile; fileRef = 516037852235581700172C8D /* Main.storyboard */; };
		516037B022355AA100172C8D /* RSCore.framework in Frameworks */ = {isa = PBXBuildFile; fileRef = 5160379622355A5600172C8D /* RSCore.framework */; };
		516037B122355AA100172C8D /* RSCore.framework in Embed Frameworks */ = {isa = PBXBuildFile; fileRef = 5160379622355A5600172C8D /* RSCore.framework */; settings = {ATTRIBUTES = (CodeSignOnCopy, RemoveHeadersOnCopy, ); }; };
		516037B522355AA700172C8D /* RSParser.framework in Frameworks */ = {isa = PBXBuildFile; fileRef = 516037A122355A5E00172C8D /* RSParser.framework */; };
		516037B622355AA700172C8D /* RSParser.framework in Embed Frameworks */ = {isa = PBXBuildFile; fileRef = 516037A122355A5E00172C8D /* RSParser.framework */; settings = {ATTRIBUTES = (CodeSignOnCopy, RemoveHeadersOnCopy, ); }; };
		516037B922355AAC00172C8D /* RSWeb.framework in Frameworks */ = {isa = PBXBuildFile; fileRef = 516037AB22355A6900172C8D /* RSWeb.framework */; };
		516037BA22355AAC00172C8D /* RSWeb.framework in Embed Frameworks */ = {isa = PBXBuildFile; fileRef = 516037AB22355A6900172C8D /* RSWeb.framework */; settings = {ATTRIBUTES = (CodeSignOnCopy, RemoveHeadersOnCopy, ); }; };
		516037C322355AFB00172C8D /* OPMLViewController.swift in Sources */ = {isa = PBXBuildFile; fileRef = 516037BD22355AFB00172C8D /* OPMLViewController.swift */; };
		516037C422355AFB00172C8D /* RSSFeedViewController.swift in Sources */ = {isa = PBXBuildFile; fileRef = 516037BE22355AFB00172C8D /* RSSFeedViewController.swift */; };
		516037C522355AFB00172C8D /* SplitViewController.swift in Sources */ = {isa = PBXBuildFile; fileRef = 516037BF22355AFB00172C8D /* SplitViewController.swift */; };
		516037C722355AFB00172C8D /* OPMLLoader.swift in Sources */ = {isa = PBXBuildFile; fileRef = 516037C122355AFB00172C8D /* OPMLLoader.swift */; };
		516037C822355AFB00172C8D /* RSSTableCellView.swift in Sources */ = {isa = PBXBuildFile; fileRef = 516037C222355AFB00172C8D /* RSSTableCellView.swift */; };
		518C649E223AF8D600B18604 /* OPML.plist in Resources */ = {isa = PBXBuildFile; fileRef = 518C649D223AF8D600B18604 /* OPML.plist */; };
		518C64A1223C06DE00B18604 /* SubscribeToOPML.swift in Sources */ = {isa = PBXBuildFile; fileRef = 518C649F223C06DE00B18604 /* SubscribeToOPML.swift */; };
		518C64A2223C06DE00B18604 /* SubscribeToOPML.xib in Resources */ = {isa = PBXBuildFile; fileRef = 518C64A0223C06DE00B18604 /* SubscribeToOPML.xib */; };
		518C64A4223C3B0E00B18604 /* RSOPMLDocument+.swift in Sources */ = {isa = PBXBuildFile; fileRef = 518C64A3223C3B0E00B18604 /* RSOPMLDocument+.swift */; };
		518C64A6223D63D300B18604 /* String+.swift in Sources */ = {isa = PBXBuildFile; fileRef = 518C64A5223D63D300B18604 /* String+.swift */; };
/* End PBXBuildFile section */

/* Begin PBXContainerItemProxy section */
		5160379522355A5600172C8D /* PBXContainerItemProxy */ = {
			isa = PBXContainerItemProxy;
			containerPortal = 5160378F22355A5600172C8D /* RSCore.xcodeproj */;
			proxyType = 2;
			remoteGlobalIDString = 84CFF4F41AC3C69700CEA6C8;
			remoteInfo = RSCore;
		};
		5160379722355A5600172C8D /* PBXContainerItemProxy */ = {
			isa = PBXContainerItemProxy;
			containerPortal = 5160378F22355A5600172C8D /* RSCore.xcodeproj */;
			proxyType = 2;
			remoteGlobalIDString = 84CFF4FF1AC3C69700CEA6C8;
			remoteInfo = RSCoreTests;
		};
		5160379922355A5600172C8D /* PBXContainerItemProxy */ = {
			isa = PBXContainerItemProxy;
			containerPortal = 5160378F22355A5600172C8D /* RSCore.xcodeproj */;
			proxyType = 2;
			remoteGlobalIDString = 842DD7BC1E14993900E061EB;
			remoteInfo = RSCoreiOS;
		};
		516037A022355A5E00172C8D /* PBXContainerItemProxy */ = {
			isa = PBXContainerItemProxy;
			containerPortal = 5160379B22355A5E00172C8D /* RSParser.xcodeproj */;
			proxyType = 2;
			remoteGlobalIDString = 84FF5F841EFA285800C15A01;
			remoteInfo = RSParser;
		};
		516037A222355A5E00172C8D /* PBXContainerItemProxy */ = {
			isa = PBXContainerItemProxy;
			containerPortal = 5160379B22355A5E00172C8D /* RSParser.xcodeproj */;
			proxyType = 2;
			remoteGlobalIDString = 84FF5F8D1EFA285800C15A01;
			remoteInfo = RSParserTests;
		};
		516037AA22355A6900172C8D /* PBXContainerItemProxy */ = {
			isa = PBXContainerItemProxy;
			containerPortal = 516037A422355A6900172C8D /* RSWeb.xcodeproj */;
			proxyType = 2;
			remoteGlobalIDString = 849C08B61E0CAC85006B03FA;
			remoteInfo = RSWeb;
		};
		516037AC22355A6900172C8D /* PBXContainerItemProxy */ = {
			isa = PBXContainerItemProxy;
			containerPortal = 516037A422355A6900172C8D /* RSWeb.xcodeproj */;
			proxyType = 2;
			remoteGlobalIDString = 849C08BF1E0CAC86006B03FA;
			remoteInfo = RSWebTests;
		};
		516037AE22355A6900172C8D /* PBXContainerItemProxy */ = {
			isa = PBXContainerItemProxy;
			containerPortal = 516037A422355A6900172C8D /* RSWeb.xcodeproj */;
			proxyType = 2;
			remoteGlobalIDString = 849C08D51E0CACA3006B03FA;
			remoteInfo = RSWebiOS;
		};
		516037B222355AA100172C8D /* PBXContainerItemProxy */ = {
			isa = PBXContainerItemProxy;
			containerPortal = 5160378F22355A5600172C8D /* RSCore.xcodeproj */;
			proxyType = 1;
			remoteGlobalIDString = 84CFF4F31AC3C69700CEA6C8;
			remoteInfo = RSCore;
		};
		516037B722355AA700172C8D /* PBXContainerItemProxy */ = {
			isa = PBXContainerItemProxy;
			containerPortal = 5160379B22355A5E00172C8D /* RSParser.xcodeproj */;
			proxyType = 1;
			remoteGlobalIDString = 84FF5F831EFA285800C15A01;
			remoteInfo = RSParser;
		};
		516037BB22355AAC00172C8D /* PBXContainerItemProxy */ = {
			isa = PBXContainerItemProxy;
			containerPortal = 516037A422355A6900172C8D /* RSWeb.xcodeproj */;
			proxyType = 1;
			remoteGlobalIDString = 849C08B51E0CAC85006B03FA;
			remoteInfo = RSWeb;
		};
/* End PBXContainerItemProxy section */

/* Begin PBXCopyFilesBuildPhase section */
		516037B422355AA100172C8D /* Embed Frameworks */ = {
			isa = PBXCopyFilesBuildPhase;
			buildActionMask = 2147483647;
			dstPath = "";
			dstSubfolderSpec = 10;
			files = (
				516037BA22355AAC00172C8D /* RSWeb.framework in Embed Frameworks */,
				516037B622355AA700172C8D /* RSParser.framework in Embed Frameworks */,
				516037B122355AA100172C8D /* RSCore.framework in Embed Frameworks */,
			);
			name = "Embed Frameworks";
			runOnlyForDeploymentPostprocessing = 0;
		};
/* End PBXCopyFilesBuildPhase section */

/* Begin PBXFileReference section */
		511DB581223866E600CECD86 /* MacWebBrowser+.swift */ = {isa = PBXFileReference; lastKnownFileType = sourcecode.swift; path = "MacWebBrowser+.swift"; sourceTree = "<group>"; };
		511DB58B2239A6ED00CECD86 /* Preferences.storyboard */ = {isa = PBXFileReference; lastKnownFileType = file.storyboard; path = Preferences.storyboard; sourceTree = "<group>"; };
		511DB58D2239AF3100CECD86 /* PreferencesViewController.swift */ = {isa = PBXFileReference; lastKnownFileType = sourcecode.swift; path = PreferencesViewController.swift; sourceTree = "<group>"; };
		511DB58F2239B45900CECD86 /* AppDefaults.swift */ = {isa = PBXFileReference; lastKnownFileType = sourcecode.swift; path = AppDefaults.swift; sourceTree = "<group>"; };
		512EA9342235A930008C9D51 /* MainWindowController.swift */ = {isa = PBXFileReference; fileEncoding = 4; lastKnownFileType = sourcecode.swift; path = MainWindowController.swift; sourceTree = "<group>"; };
		512EA9362235BA5E008C9D51 /* Credits.rtf */ = {isa = PBXFileReference; fileEncoding = 4; lastKnownFileType = text.rtf; path = Credits.rtf; sourceTree = "<group>"; };
		512EA94E22371E42008C9D51 /* OPMLOutlineView.swift */ = {isa = PBXFileReference; lastKnownFileType = sourcecode.swift; path = OPMLOutlineView.swift; sourceTree = "<group>"; };
		512EA95522382008008C9D51 /* NSStoryboard+.swift */ = {isa = PBXFileReference; lastKnownFileType = sourcecode.swift; path = "NSStoryboard+.swift"; sourceTree = "<group>"; };
		512EA95722382177008C9D51 /* RSSMessageViewController.swift */ = {isa = PBXFileReference; lastKnownFileType = sourcecode.swift; path = RSSMessageViewController.swift; sourceTree = "<group>"; };
		5160377C2235581600172C8D /* Feed Compass.app */ = {isa = PBXFileReference; explicitFileType = wrapper.application; includeInIndex = 0; path = "Feed Compass.app"; sourceTree = BUILT_PRODUCTS_DIR; };
		5160377F2235581600172C8D /* AppDelegate.swift */ = {isa = PBXFileReference; lastKnownFileType = sourcecode.swift; path = AppDelegate.swift; sourceTree = "<group>"; };
		516037832235581700172C8D /* Assets.xcassets */ = {isa = PBXFileReference; lastKnownFileType = folder.assetcatalog; path = Assets.xcassets; sourceTree = "<group>"; };
		516037862235581700172C8D /* Base */ = {isa = PBXFileReference; lastKnownFileType = file.storyboard; name = Base; path = Base.lproj/Main.storyboard; sourceTree = "<group>"; };
		516037882235581700172C8D /* Info.plist */ = {isa = PBXFileReference; lastKnownFileType = text.plist.xml; path = Info.plist; sourceTree = "<group>"; };
		516037892235581700172C8D /* FeedCompass.entitlements */ = {isa = PBXFileReference; lastKnownFileType = text.plist.entitlements; path = FeedCompass.entitlements; sourceTree = "<group>"; };
		5160378F22355A5600172C8D /* RSCore.xcodeproj */ = {isa = PBXFileReference; lastKnownFileType = "wrapper.pb-project"; name = RSCore.xcodeproj; path = submodules/RSCore/RSCore.xcodeproj; sourceTree = "<group>"; };
		5160379B22355A5E00172C8D /* RSParser.xcodeproj */ = {isa = PBXFileReference; lastKnownFileType = "wrapper.pb-project"; name = RSParser.xcodeproj; path = submodules/RSParser/RSParser.xcodeproj; sourceTree = "<group>"; };
		516037A422355A6900172C8D /* RSWeb.xcodeproj */ = {isa = PBXFileReference; lastKnownFileType = "wrapper.pb-project"; name = RSWeb.xcodeproj; path = submodules/RSWeb/RSWeb.xcodeproj; sourceTree = "<group>"; };
		516037BD22355AFB00172C8D /* OPMLViewController.swift */ = {isa = PBXFileReference; fileEncoding = 4; lastKnownFileType = sourcecode.swift; path = OPMLViewController.swift; sourceTree = "<group>"; };
		516037BE22355AFB00172C8D /* RSSFeedViewController.swift */ = {isa = PBXFileReference; fileEncoding = 4; lastKnownFileType = sourcecode.swift; path = RSSFeedViewController.swift; sourceTree = "<group>"; };
		516037BF22355AFB00172C8D /* SplitViewController.swift */ = {isa = PBXFileReference; fileEncoding = 4; lastKnownFileType = sourcecode.swift; path = SplitViewController.swift; sourceTree = "<group>"; };
		516037C122355AFB00172C8D /* OPMLLoader.swift */ = {isa = PBXFileReference; fileEncoding = 4; lastKnownFileType = sourcecode.swift; path = OPMLLoader.swift; sourceTree = "<group>"; };
		516037C222355AFB00172C8D /* RSSTableCellView.swift */ = {isa = PBXFileReference; fileEncoding = 4; lastKnownFileType = sourcecode.swift; path = RSSTableCellView.swift; sourceTree = "<group>"; };
		518C649D223AF8D600B18604 /* OPML.plist */ = {isa = PBXFileReference; lastKnownFileType = text.plist.xml; path = OPML.plist; sourceTree = "<group>"; };
		518C649F223C06DE00B18604 /* SubscribeToOPML.swift */ = {isa = PBXFileReference; lastKnownFileType = sourcecode.swift; path = SubscribeToOPML.swift; sourceTree = "<group>"; };
		518C64A0223C06DE00B18604 /* SubscribeToOPML.xib */ = {isa = PBXFileReference; lastKnownFileType = file.xib; path = SubscribeToOPML.xib; sourceTree = "<group>"; };
		518C64A3223C3B0E00B18604 /* RSOPMLDocument+.swift */ = {isa = PBXFileReference; lastKnownFileType = sourcecode.swift; path = "RSOPMLDocument+.swift"; sourceTree = "<group>"; };
		518C64A5223D63D300B18604 /* String+.swift */ = {isa = PBXFileReference; lastKnownFileType = sourcecode.swift; path = "String+.swift"; sourceTree = "<group>"; };
/* End PBXFileReference section */

/* Begin PBXFrameworksBuildPhase section */
		516037792235581600172C8D /* Frameworks */ = {
			isa = PBXFrameworksBuildPhase;
			buildActionMask = 2147483647;
			files = (
				516037B922355AAC00172C8D /* RSWeb.framework in Frameworks */,
				516037B522355AA700172C8D /* RSParser.framework in Frameworks */,
				516037B022355AA100172C8D /* RSCore.framework in Frameworks */,
			);
			runOnlyForDeploymentPostprocessing = 0;
		};
/* End PBXFrameworksBuildPhase section */

/* Begin PBXGroup section */
		511DB5882239A5E700CECD86 /* MainWindow */ = {
			isa = PBXGroup;
			children = (
				512EA9342235A930008C9D51 /* MainWindowController.swift */,
				516037BF22355AFB00172C8D /* SplitViewController.swift */,
				516037BD22355AFB00172C8D /* OPMLViewController.swift */,
				512EA94E22371E42008C9D51 /* OPMLOutlineView.swift */,
				516037C122355AFB00172C8D /* OPMLLoader.swift */,
				512EA95722382177008C9D51 /* RSSMessageViewController.swift */,
				516037BE22355AFB00172C8D /* RSSFeedViewController.swift */,
				516037C222355AFB00172C8D /* RSSTableCellView.swift */,
				518C649F223C06DE00B18604 /* SubscribeToOPML.swift */,
				518C64A0223C06DE00B18604 /* SubscribeToOPML.xib */,
			);
			path = MainWindow;
			sourceTree = "<group>";
		};
		511DB5892239A61900CECD86 /* Extensions */ = {
			isa = PBXGroup;
			children = (
				511DB581223866E600CECD86 /* MacWebBrowser+.swift */,
				512EA95522382008008C9D51 /* NSStoryboard+.swift */,
				518C64A3223C3B0E00B18604 /* RSOPMLDocument+.swift */,
				518C64A5223D63D300B18604 /* String+.swift */,
			);
			path = Extensions;
			sourceTree = "<group>";
		};
		511DB58A2239A6A400CECD86 /* Preferences */ = {
			isa = PBXGroup;
			children = (
				511DB58B2239A6ED00CECD86 /* Preferences.storyboard */,
				511DB58D2239AF3100CECD86 /* PreferencesViewController.swift */,
			);
			path = Preferences;
			sourceTree = "<group>";
		};
		516037732235581600172C8D = {
			isa = PBXGroup;
			children = (
				5160377E2235581600172C8D /* FeedCompass */,
				5160377D2235581600172C8D /* Products */,
				5160378F22355A5600172C8D /* RSCore.xcodeproj */,
				5160379B22355A5E00172C8D /* RSParser.xcodeproj */,
				516037A422355A6900172C8D /* RSWeb.xcodeproj */,
			);
			sourceTree = "<group>";
		};
		5160377D2235581600172C8D /* Products */ = {
			isa = PBXGroup;
			children = (
				5160377C2235581600172C8D /* Feed Compass.app */,
			);
			name = Products;
			sourceTree = "<group>";
		};
		5160377E2235581600172C8D /* FeedCompass */ = {
			isa = PBXGroup;
			children = (
				516037852235581700172C8D /* Main.storyboard */,
				5160377F2235581600172C8D /* AppDelegate.swift */,
				511DB58F2239B45900CECD86 /* AppDefaults.swift */,
				511DB5882239A5E700CECD86 /* MainWindow */,
				511DB58A2239A6A400CECD86 /* Preferences */,
				511DB5892239A61900CECD86 /* Extensions */,
				516037832235581700172C8D /* Assets.xcassets */,
				516037882235581700172C8D /* Info.plist */,
				516037892235581700172C8D /* FeedCompass.entitlements */,
				512EA9362235BA5E008C9D51 /* Credits.rtf */,
				518C649D223AF8D600B18604 /* OPML.plist */,
			);
			path = FeedCompass;
			sourceTree = "<group>";
		};
		5160379022355A5600172C8D /* Products */ = {
			isa = PBXGroup;
			children = (
				5160379622355A5600172C8D /* RSCore.framework */,
				5160379822355A5600172C8D /* RSCoreTests.xctest */,
				5160379A22355A5600172C8D /* RSCore.framework */,
			);
			name = Products;
			sourceTree = "<group>";
		};
		5160379C22355A5E00172C8D /* Products */ = {
			isa = PBXGroup;
			children = (
				516037A122355A5E00172C8D /* RSParser.framework */,
				516037A322355A5E00172C8D /* RSParserTests.xctest */,
			);
			name = Products;
			sourceTree = "<group>";
		};
		516037A522355A6900172C8D /* Products */ = {
			isa = PBXGroup;
			children = (
				516037AB22355A6900172C8D /* RSWeb.framework */,
				516037AD22355A6900172C8D /* RSWebTests.xctest */,
				516037AF22355A6900172C8D /* RSWeb.framework */,
			);
			name = Products;
			sourceTree = "<group>";
		};
/* End PBXGroup section */

/* Begin PBXNativeTarget section */
		5160377B2235581600172C8D /* Feed Compass */ = {
			isa = PBXNativeTarget;
			buildConfigurationList = 5160378C2235581700172C8D /* Build configuration list for PBXNativeTarget "Feed Compass" */;
			buildPhases = (
				518C64A7223D75C500B18604 /* ShellScript */,
				516037782235581600172C8D /* Sources */,
				516037792235581600172C8D /* Frameworks */,
				5160377A2235581600172C8D /* Resources */,
				516037B422355AA100172C8D /* Embed Frameworks */,
			);
			buildRules = (
			);
			dependencies = (
				516037B322355AA100172C8D /* PBXTargetDependency */,
				516037B822355AA700172C8D /* PBXTargetDependency */,
				516037BC22355AAC00172C8D /* PBXTargetDependency */,
			);
			name = "Feed Compass";
			productName = FeedCompass;
			productReference = 5160377C2235581600172C8D /* Feed Compass.app */;
			productType = "com.apple.product-type.application";
		};
/* End PBXNativeTarget section */

/* Begin PBXProject section */
		516037742235581600172C8D /* Project object */ = {
			isa = PBXProject;
			attributes = {
				LastSwiftUpdateCheck = 1010;
				LastUpgradeCheck = 1010;
				ORGANIZATIONNAME = "Vincode, Inc.";
				TargetAttributes = {
					5160377B2235581600172C8D = {
						CreatedOnToolsVersion = 10.1;
						SystemCapabilities = {
							com.apple.Sandbox = {
								enabled = 1;
							};
						};
					};
				};
			};
			buildConfigurationList = 516037772235581600172C8D /* Build configuration list for PBXProject "Feed Compass" */;
			compatibilityVersion = "Xcode 9.3";
			developmentRegion = en;
			hasScannedForEncodings = 0;
			knownRegions = (
				en,
				Base,
			);
			mainGroup = 516037732235581600172C8D;
			productRefGroup = 5160377D2235581600172C8D /* Products */;
			projectDirPath = "";
			projectReferences = (
				{
					ProductGroup = 5160379022355A5600172C8D /* Products */;
					ProjectRef = 5160378F22355A5600172C8D /* RSCore.xcodeproj */;
				},
				{
					ProductGroup = 5160379C22355A5E00172C8D /* Products */;
					ProjectRef = 5160379B22355A5E00172C8D /* RSParser.xcodeproj */;
				},
				{
					ProductGroup = 516037A522355A6900172C8D /* Products */;
					ProjectRef = 516037A422355A6900172C8D /* RSWeb.xcodeproj */;
				},
			);
			projectRoot = "";
			targets = (
				5160377B2235581600172C8D /* Feed Compass */,
			);
		};
/* End PBXProject section */

/* Begin PBXReferenceProxy section */
		5160379622355A5600172C8D /* RSCore.framework */ = {
			isa = PBXReferenceProxy;
			fileType = wrapper.framework;
			path = RSCore.framework;
			remoteRef = 5160379522355A5600172C8D /* PBXContainerItemProxy */;
			sourceTree = BUILT_PRODUCTS_DIR;
		};
		5160379822355A5600172C8D /* RSCoreTests.xctest */ = {
			isa = PBXReferenceProxy;
			fileType = wrapper.cfbundle;
			path = RSCoreTests.xctest;
			remoteRef = 5160379722355A5600172C8D /* PBXContainerItemProxy */;
			sourceTree = BUILT_PRODUCTS_DIR;
		};
		5160379A22355A5600172C8D /* RSCore.framework */ = {
			isa = PBXReferenceProxy;
			fileType = wrapper.framework;
			path = RSCore.framework;
			remoteRef = 5160379922355A5600172C8D /* PBXContainerItemProxy */;
			sourceTree = BUILT_PRODUCTS_DIR;
		};
		516037A122355A5E00172C8D /* RSParser.framework */ = {
			isa = PBXReferenceProxy;
			fileType = wrapper.framework;
			path = RSParser.framework;
			remoteRef = 516037A022355A5E00172C8D /* PBXContainerItemProxy */;
			sourceTree = BUILT_PRODUCTS_DIR;
		};
		516037A322355A5E00172C8D /* RSParserTests.xctest */ = {
			isa = PBXReferenceProxy;
			fileType = wrapper.cfbundle;
			path = RSParserTests.xctest;
			remoteRef = 516037A222355A5E00172C8D /* PBXContainerItemProxy */;
			sourceTree = BUILT_PRODUCTS_DIR;
		};
		516037AB22355A6900172C8D /* RSWeb.framework */ = {
			isa = PBXReferenceProxy;
			fileType = wrapper.framework;
			path = RSWeb.framework;
			remoteRef = 516037AA22355A6900172C8D /* PBXContainerItemProxy */;
			sourceTree = BUILT_PRODUCTS_DIR;
		};
		516037AD22355A6900172C8D /* RSWebTests.xctest */ = {
			isa = PBXReferenceProxy;
			fileType = wrapper.cfbundle;
			path = RSWebTests.xctest;
			remoteRef = 516037AC22355A6900172C8D /* PBXContainerItemProxy */;
			sourceTree = BUILT_PRODUCTS_DIR;
		};
		516037AF22355A6900172C8D /* RSWeb.framework */ = {
			isa = PBXReferenceProxy;
			fileType = wrapper.framework;
			path = RSWeb.framework;
			remoteRef = 516037AE22355A6900172C8D /* PBXContainerItemProxy */;
			sourceTree = BUILT_PRODUCTS_DIR;
		};
/* End PBXReferenceProxy section */

/* Begin PBXResourcesBuildPhase section */
		5160377A2235581600172C8D /* Resources */ = {
			isa = PBXResourcesBuildPhase;
			buildActionMask = 2147483647;
			files = (
				516037842235581700172C8D /* Assets.xcassets in Resources */,
				518C64A2223C06DE00B18604 /* SubscribeToOPML.xib in Resources */,
				512EA9372235BA5E008C9D51 /* Credits.rtf in Resources */,
				516037872235581700172C8D /* Main.storyboard in Resources */,
				511DB58C2239A6ED00CECD86 /* Preferences.storyboard in Resources */,
				518C649E223AF8D600B18604 /* OPML.plist in Resources */,
			);
			runOnlyForDeploymentPostprocessing = 0;
		};
/* End PBXResourcesBuildPhase section */

/* Begin PBXShellScriptBuildPhase section */
		518C64A7223D75C500B18604 /* ShellScript */ = {
			isa = PBXShellScriptBuildPhase;
			buildActionMask = 2147483647;
			files = (
			);
			inputFileListPaths = (
			);
			inputPaths = (
			);
			outputFileListPaths = (
			);
			outputPaths = (
			);
			runOnlyForDeploymentPostprocessing = 0;
			shellPath = /bin/sh;
			shellScript = "buildNumber=$(/usr/libexec/PlistBuddy -c \"Print CFBundleVersion\" \"${PROJECT_DIR}/${INFOPLIST_FILE}\")\nbuildNumber=$(($buildNumber + 1))\n/usr/libexec/PlistBuddy -c \"Set :CFBundleVersion $buildNumber\" \"${PROJECT_DIR}/${INFOPLIST_FILE}\"\n";
		};
/* End PBXShellScriptBuildPhase section */

/* Begin PBXSourcesBuildPhase section */
		516037782235581600172C8D /* Sources */ = {
			isa = PBXSourcesBuildPhase;
			buildActionMask = 2147483647;
			files = (
				512EA94F22371E42008C9D51 /* OPMLOutlineView.swift in Sources */,
				511DB582223866E600CECD86 /* MacWebBrowser+.swift in Sources */,
				516037C722355AFB00172C8D /* OPMLLoader.swift in Sources */,
				516037C322355AFB00172C8D /* OPMLViewController.swift in Sources */,
				512EA95622382008008C9D51 /* NSStoryboard+.swift in Sources */,
				518C64A1223C06DE00B18604 /* SubscribeToOPML.swift in Sources */,
				512EA95822382177008C9D51 /* RSSMessageViewController.swift in Sources */,
				516037C422355AFB00172C8D /* RSSFeedViewController.swift in Sources */,
				518C64A4223C3B0E00B18604 /* RSOPMLDocument+.swift in Sources */,
				511DB5902239B45900CECD86 /* AppDefaults.swift in Sources */,
				518C64A6223D63D300B18604 /* String+.swift in Sources */,
				511DB58E2239AF3100CECD86 /* PreferencesViewController.swift in Sources */,
				516037C822355AFB00172C8D /* RSSTableCellView.swift in Sources */,
				516037802235581600172C8D /* AppDelegate.swift in Sources */,
				512EA9352235A930008C9D51 /* MainWindowController.swift in Sources */,
				516037C522355AFB00172C8D /* SplitViewController.swift in Sources */,
			);
			runOnlyForDeploymentPostprocessing = 0;
		};
/* End PBXSourcesBuildPhase section */

/* Begin PBXTargetDependency section */
		516037B322355AA100172C8D /* PBXTargetDependency */ = {
			isa = PBXTargetDependency;
			name = RSCore;
			targetProxy = 516037B222355AA100172C8D /* PBXContainerItemProxy */;
		};
		516037B822355AA700172C8D /* PBXTargetDependency */ = {
			isa = PBXTargetDependency;
			name = RSParser;
			targetProxy = 516037B722355AA700172C8D /* PBXContainerItemProxy */;
		};
		516037BC22355AAC00172C8D /* PBXTargetDependency */ = {
			isa = PBXTargetDependency;
			name = RSWeb;
			targetProxy = 516037BB22355AAC00172C8D /* PBXContainerItemProxy */;
		};
/* End PBXTargetDependency section */

/* Begin PBXVariantGroup section */
		516037852235581700172C8D /* Main.storyboard */ = {
			isa = PBXVariantGroup;
			children = (
				516037862235581700172C8D /* Base */,
			);
			name = Main.storyboard;
			sourceTree = "<group>";
		};
/* End PBXVariantGroup section */

/* Begin XCBuildConfiguration section */
		5160378A2235581700172C8D /* Debug */ = {
			isa = XCBuildConfiguration;
			buildSettings = {
				ALWAYS_SEARCH_USER_PATHS = NO;
				CLANG_ANALYZER_NONNULL = YES;
				CLANG_ANALYZER_NUMBER_OBJECT_CONVERSION = YES_AGGRESSIVE;
				CLANG_CXX_LANGUAGE_STANDARD = "gnu++14";
				CLANG_CXX_LIBRARY = "libc++";
				CLANG_ENABLE_MODULES = YES;
				CLANG_ENABLE_OBJC_ARC = YES;
				CLANG_ENABLE_OBJC_WEAK = YES;
				CLANG_WARN_BLOCK_CAPTURE_AUTORELEASING = YES;
				CLANG_WARN_BOOL_CONVERSION = YES;
				CLANG_WARN_COMMA = YES;
				CLANG_WARN_CONSTANT_CONVERSION = YES;
				CLANG_WARN_DEPRECATED_OBJC_IMPLEMENTATIONS = YES;
				CLANG_WARN_DIRECT_OBJC_ISA_USAGE = YES_ERROR;
				CLANG_WARN_DOCUMENTATION_COMMENTS = YES;
				CLANG_WARN_EMPTY_BODY = YES;
				CLANG_WARN_ENUM_CONVERSION = YES;
				CLANG_WARN_INFINITE_RECURSION = YES;
				CLANG_WARN_INT_CONVERSION = YES;
				CLANG_WARN_NON_LITERAL_NULL_CONVERSION = YES;
				CLANG_WARN_OBJC_IMPLICIT_RETAIN_SELF = YES;
				CLANG_WARN_OBJC_LITERAL_CONVERSION = YES;
				CLANG_WARN_OBJC_ROOT_CLASS = YES_ERROR;
				CLANG_WARN_RANGE_LOOP_ANALYSIS = YES;
				CLANG_WARN_STRICT_PROTOTYPES = YES;
				CLANG_WARN_SUSPICIOUS_MOVE = YES;
				CLANG_WARN_UNGUARDED_AVAILABILITY = YES_AGGRESSIVE;
				CLANG_WARN_UNREACHABLE_CODE = YES;
				CLANG_WARN__DUPLICATE_METHOD_MATCH = YES;
				CODE_SIGN_IDENTITY = "Mac Developer";
				COPY_PHASE_STRIP = NO;
				DEBUG_INFORMATION_FORMAT = dwarf;
				ENABLE_STRICT_OBJC_MSGSEND = YES;
				ENABLE_TESTABILITY = YES;
				GCC_C_LANGUAGE_STANDARD = gnu11;
				GCC_DYNAMIC_NO_PIC = NO;
				GCC_NO_COMMON_BLOCKS = YES;
				GCC_OPTIMIZATION_LEVEL = 0;
				GCC_PREPROCESSOR_DEFINITIONS = (
					"DEBUG=1",
					"$(inherited)",
				);
				GCC_WARN_64_TO_32_BIT_CONVERSION = YES;
				GCC_WARN_ABOUT_RETURN_TYPE = YES_ERROR;
				GCC_WARN_UNDECLARED_SELECTOR = YES;
				GCC_WARN_UNINITIALIZED_AUTOS = YES_AGGRESSIVE;
				GCC_WARN_UNUSED_FUNCTION = YES;
				GCC_WARN_UNUSED_VARIABLE = YES;
				MACOSX_DEPLOYMENT_TARGET = 10.14;
				MTL_ENABLE_DEBUG_INFO = INCLUDE_SOURCE;
				MTL_FAST_MATH = YES;
				ONLY_ACTIVE_ARCH = YES;
				SDKROOT = macosx;
				SWIFT_ACTIVE_COMPILATION_CONDITIONS = DEBUG;
				SWIFT_OPTIMIZATION_LEVEL = "-Onone";
			};
			name = Debug;
		};
		5160378B2235581700172C8D /* Release */ = {
			isa = XCBuildConfiguration;
			buildSettings = {
				ALWAYS_SEARCH_USER_PATHS = NO;
				CLANG_ANALYZER_NONNULL = YES;
				CLANG_ANALYZER_NUMBER_OBJECT_CONVERSION = YES_AGGRESSIVE;
				CLANG_CXX_LANGUAGE_STANDARD = "gnu++14";
				CLANG_CXX_LIBRARY = "libc++";
				CLANG_ENABLE_MODULES = YES;
				CLANG_ENABLE_OBJC_ARC = YES;
				CLANG_ENABLE_OBJC_WEAK = YES;
				CLANG_WARN_BLOCK_CAPTURE_AUTORELEASING = YES;
				CLANG_WARN_BOOL_CONVERSION = YES;
				CLANG_WARN_COMMA = YES;
				CLANG_WARN_CONSTANT_CONVERSION = YES;
				CLANG_WARN_DEPRECATED_OBJC_IMPLEMENTATIONS = YES;
				CLANG_WARN_DIRECT_OBJC_ISA_USAGE = YES_ERROR;
				CLANG_WARN_DOCUMENTATION_COMMENTS = YES;
				CLANG_WARN_EMPTY_BODY = YES;
				CLANG_WARN_ENUM_CONVERSION = YES;
				CLANG_WARN_INFINITE_RECURSION = YES;
				CLANG_WARN_INT_CONVERSION = YES;
				CLANG_WARN_NON_LITERAL_NULL_CONVERSION = YES;
				CLANG_WARN_OBJC_IMPLICIT_RETAIN_SELF = YES;
				CLANG_WARN_OBJC_LITERAL_CONVERSION = YES;
				CLANG_WARN_OBJC_ROOT_CLASS = YES_ERROR;
				CLANG_WARN_RANGE_LOOP_ANALYSIS = YES;
				CLANG_WARN_STRICT_PROTOTYPES = YES;
				CLANG_WARN_SUSPICIOUS_MOVE = YES;
				CLANG_WARN_UNGUARDED_AVAILABILITY = YES_AGGRESSIVE;
				CLANG_WARN_UNREACHABLE_CODE = YES;
				CLANG_WARN__DUPLICATE_METHOD_MATCH = YES;
				CODE_SIGN_IDENTITY = "Mac Developer";
				COPY_PHASE_STRIP = NO;
				DEBUG_INFORMATION_FORMAT = "dwarf-with-dsym";
				ENABLE_NS_ASSERTIONS = NO;
				ENABLE_STRICT_OBJC_MSGSEND = YES;
				GCC_C_LANGUAGE_STANDARD = gnu11;
				GCC_NO_COMMON_BLOCKS = YES;
				GCC_WARN_64_TO_32_BIT_CONVERSION = YES;
				GCC_WARN_ABOUT_RETURN_TYPE = YES_ERROR;
				GCC_WARN_UNDECLARED_SELECTOR = YES;
				GCC_WARN_UNINITIALIZED_AUTOS = YES_AGGRESSIVE;
				GCC_WARN_UNUSED_FUNCTION = YES;
				GCC_WARN_UNUSED_VARIABLE = YES;
				MACOSX_DEPLOYMENT_TARGET = 10.14;
				MTL_ENABLE_DEBUG_INFO = NO;
				MTL_FAST_MATH = YES;
				SDKROOT = macosx;
				SWIFT_COMPILATION_MODE = wholemodule;
				SWIFT_OPTIMIZATION_LEVEL = "-O";
			};
			name = Release;
		};
		5160378D2235581700172C8D /* Debug */ = {
			isa = XCBuildConfiguration;
			buildSettings = {
				ALWAYS_EMBED_SWIFT_STANDARD_LIBRARIES = YES;
				ASSETCATALOG_COMPILER_APPICON_NAME = AppIcon;
				CODE_SIGN_ENTITLEMENTS = FeedCompass/FeedCompass.entitlements;
				CODE_SIGN_STYLE = Automatic;
				COMBINE_HIDPI_IMAGES = YES;
				DEVELOPMENT_TEAM = SHJK2V3AJG;
				INFOPLIST_FILE = FeedCompass/Info.plist;
				LD_RUNPATH_SEARCH_PATHS = (
					"$(inherited)",
					"@executable_path/../Frameworks",
				);
				MACOSX_DEPLOYMENT_TARGET = 10.13;
				PRODUCT_BUNDLE_IDENTIFIER = io.vincode.FeedCompass;
				PRODUCT_NAME = "$(TARGET_NAME)";
				SWIFT_VERSION = 4.2;
			};
			name = Debug;
		};
		5160378E2235581700172C8D /* Release */ = {
			isa = XCBuildConfiguration;
			buildSettings = {
				ALWAYS_EMBED_SWIFT_STANDARD_LIBRARIES = YES;
				ASSETCATALOG_COMPILER_APPICON_NAME = AppIcon;
				CODE_SIGN_ENTITLEMENTS = FeedCompass/FeedCompass.entitlements;
				CODE_SIGN_STYLE = Automatic;
				COMBINE_HIDPI_IMAGES = YES;
				DEVELOPMENT_TEAM = SHJK2V3AJG;
				INFOPLIST_FILE = FeedCompass/Info.plist;
				LD_RUNPATH_SEARCH_PATHS = (
					"$(inherited)",
					"@executable_path/../Frameworks",
				);
				MACOSX_DEPLOYMENT_TARGET = 10.13;
				PRODUCT_BUNDLE_IDENTIFIER = io.vincode.FeedCompass;
				PRODUCT_NAME = "$(TARGET_NAME)";
				SWIFT_VERSION = 4.2;
			};
			name = Release;
		};
/* End XCBuildConfiguration section */

/* Begin XCConfigurationList section */
		516037772235581600172C8D /* Build configuration list for PBXProject "Feed Compass" */ = {
			isa = XCConfigurationList;
			buildConfigurations = (
				5160378A2235581700172C8D /* Debug */,
				5160378B2235581700172C8D /* Release */,
			);
			defaultConfigurationIsVisible = 0;
			defaultConfigurationName = Release;
		};
		5160378C2235581700172C8D /* Build configuration list for PBXNativeTarget "Feed Compass" */ = {
			isa = XCConfigurationList;
			buildConfigurations = (
				5160378D2235581700172C8D /* Debug */,
				5160378E2235581700172C8D /* Release */,
			);
			defaultConfigurationIsVisible = 0;
			defaultConfigurationName = Release;
		};
/* End XCConfigurationList section */
	};
	rootObject = 516037742235581600172C8D /* Project object */;
}
